
Microsoft Visual Studio Solution File, Format Version 12.00
# Visual Studio Version 16
VisualStudioVersion = 16.0.33328.57
MinimumVisualStudioVersion = 10.0.40219.1
Project("{FAE04EC0-301F-11D3-BF4B-00C04F79EFBC}") = "WPF-laba12", "WPF-laba12.csproj", "{F0887749-ED23-4235-90E6-B020EF0F64FA}"
EndProject
Global
	GlobalSection(SolutionConfigurationPlatforms) = preSolution
		Debug|Any CPU = Debug|Any CPU
		Release|Any CPU = Release|Any CPU
	EndGlobalSection
	GlobalSection(ProjectConfigurationPlatforms) = postSolution
		{F0887749-ED23-4235-90E6-B020EF0F64FA}.Debug|Any CPU.ActiveCfg = Debug|Any CPU
		{F0887749-ED23-4235-90E6-B020EF0F64FA}.Debug|Any CPU.Build.0 = Debug|Any CPU
		{F0887749-ED23-4235-90E6-B020EF0F64FA}.Release|Any CPU.ActiveCfg = Release|Any CPU
		{F0887749-ED23-4235-90E6-B020EF0F64FA}.Release|Any CPU.Build.0 = Release|Any CPU
	EndGlobalSection
	GlobalSection(SolutionProperties) = preSolution
		HideSolutionNode = FALSE
	EndGlobalSection
	GlobalSection(ExtensibilityGlobals) = postSolution
		SolutionGuid = {C29D24AC-0118-4268-A624-579240E9BC84}
	EndGlobalSection
EndGlobal
